// !$*UTF8*$!
{
	archiveVersion = 1;
	classes = {
	};
	objectVersion = 55;
	objects = {

/* Begin PBXBuildFile section */
		6624296715C09A6DF8C68114 /* Pods_Flavor_QA.framework in Frameworks */ = {isa = PBXBuildFile; fileRef = 114280C062AFE26C558AB6F5 /* Pods_Flavor_QA.framework */; };
		6B1D67D22869AC320081F2FE /* FlavorApp.swift in Sources */ = {isa = PBXBuildFile; fileRef = 6B1D67D12869AC320081F2FE /* FlavorApp.swift */; };
		6B1D67D62869AC320081F2FE /* Assets.xcassets in Resources */ = {isa = PBXBuildFile; fileRef = 6B1D67D52869AC320081F2FE /* Assets.xcassets */; };
		6B1D67D92869AC320081F2FE /* Preview Assets.xcassets in Resources */ = {isa = PBXBuildFile; fileRef = 6B1D67D82869AC320081F2FE /* Preview Assets.xcassets */; };
		6B1D67E32869AC320081F2FE /* FlavorTests.swift in Sources */ = {isa = PBXBuildFile; fileRef = 6B1D67E22869AC320081F2FE /* FlavorTests.swift */; };
		6B1D67ED2869AC330081F2FE /* FlavorUITests.swift in Sources */ = {isa = PBXBuildFile; fileRef = 6B1D67EC2869AC330081F2FE /* FlavorUITests.swift */; };
		6B1D67EF2869AC330081F2FE /* FlavorUITestsLaunchTests.swift in Sources */ = {isa = PBXBuildFile; fileRef = 6B1D67EE2869AC330081F2FE /* FlavorUITestsLaunchTests.swift */; };
		6B1D68002869AED60081F2FE /* FlavorApp.swift in Sources */ = {isa = PBXBuildFile; fileRef = 6B1D67D12869AC320081F2FE /* FlavorApp.swift */; };
		6B1D68032869AED60081F2FE /* Preview Assets.xcassets in Resources */ = {isa = PBXBuildFile; fileRef = 6B1D67D82869AC320081F2FE /* Preview Assets.xcassets */; };
		6B1D68042869AED60081F2FE /* Assets.xcassets in Resources */ = {isa = PBXBuildFile; fileRef = 6B1D67D52869AC320081F2FE /* Assets.xcassets */; };
		6B1D680B2869AEFE0081F2FE /* Info-qa.plist in Resources */ = {isa = PBXBuildFile; fileRef = 6B1D680A2869AEFE0081F2FE /* Info-qa.plist */; };
		6B1D680C2869AF050081F2FE /* Info-dev.plist in Resources */ = {isa = PBXBuildFile; fileRef = 6B1D67FB2869ACF20081F2FE /* Info-dev.plist */; };
		6B32DC2B286D69F1007B6DFB /* APIConstants.swift in Sources */ = {isa = PBXBuildFile; fileRef = 6B32DC2A286D69F1007B6DFB /* APIConstants.swift */; };
		6B32DC2C286D69F1007B6DFB /* APIConstants.swift in Sources */ = {isa = PBXBuildFile; fileRef = 6B32DC2A286D69F1007B6DFB /* APIConstants.swift */; };
		6B32DC32286D6C9E007B6DFB /* Quote.swift in Sources */ = {isa = PBXBuildFile; fileRef = 6B32DC31286D6C9E007B6DFB /* Quote.swift */; };
		6B32DC33286D6C9E007B6DFB /* Quote.swift in Sources */ = {isa = PBXBuildFile; fileRef = 6B32DC31286D6C9E007B6DFB /* Quote.swift */; };
		6B32DC36286D6E09007B6DFB /* QoutesScreen.swift in Sources */ = {isa = PBXBuildFile; fileRef = 6B32DC35286D6E09007B6DFB /* QoutesScreen.swift */; };
		6B32DC37286D6E09007B6DFB /* QoutesScreen.swift in Sources */ = {isa = PBXBuildFile; fileRef = 6B32DC35286D6E09007B6DFB /* QoutesScreen.swift */; };
		6B32DC3B286D6F57007B6DFB /* QoutesView.swift in Sources */ = {isa = PBXBuildFile; fileRef = 6B32DC3A286D6F57007B6DFB /* QoutesView.swift */; };
		6B32DC3C286D6F57007B6DFB /* QoutesView.swift in Sources */ = {isa = PBXBuildFile; fileRef = 6B32DC3A286D6F57007B6DFB /* QoutesView.swift */; };
		6B32DC3F286D70FB007B6DFB /* QouteService.swift in Sources */ = {isa = PBXBuildFile; fileRef = 6B32DC3E286D70FB007B6DFB /* QouteService.swift */; };
		6B32DC40286D70FB007B6DFB /* QouteService.swift in Sources */ = {isa = PBXBuildFile; fileRef = 6B32DC3E286D70FB007B6DFB /* QouteService.swift */; };
		6B32DC43286D743C007B6DFB /* QoutesViewModel.swift in Sources */ = {isa = PBXBuildFile; fileRef = 6B32DC42286D743C007B6DFB /* QoutesViewModel.swift */; };
		6B32DC44286D743C007B6DFB /* QoutesViewModel.swift in Sources */ = {isa = PBXBuildFile; fileRef = 6B32DC42286D743C007B6DFB /* QoutesViewModel.swift */; };
		6B32DC4C286D7AC7007B6DFB /* LoadingView.swift in Sources */ = {isa = PBXBuildFile; fileRef = 6B32DC4B286D7AC7007B6DFB /* LoadingView.swift */; };
		6B32DC4D286D7AC7007B6DFB /* LoadingView.swift in Sources */ = {isa = PBXBuildFile; fileRef = 6B32DC4B286D7AC7007B6DFB /* LoadingView.swift */; };
		6B32DC51286D7E61007B6DFB /* BaseView.swift in Sources */ = {isa = PBXBuildFile; fileRef = 6B32DC50286D7E61007B6DFB /* BaseView.swift */; };
		6B32DC52286D7E61007B6DFB /* BaseView.swift in Sources */ = {isa = PBXBuildFile; fileRef = 6B32DC50286D7E61007B6DFB /* BaseView.swift */; };
		6B34762C2872A90400FF5E25 /* APIError.swift in Sources */ = {isa = PBXBuildFile; fileRef = 6B34762B2872A90400FF5E25 /* APIError.swift */; };
		6B34762D2872A90400FF5E25 /* APIError.swift in Sources */ = {isa = PBXBuildFile; fileRef = 6B34762B2872A90400FF5E25 /* APIError.swift */; };
		6B34762F2872A92400FF5E25 /* ErrorData.swift in Sources */ = {isa = PBXBuildFile; fileRef = 6B34762E2872A92400FF5E25 /* ErrorData.swift */; };
		6B3476302872A92400FF5E25 /* ErrorData.swift in Sources */ = {isa = PBXBuildFile; fileRef = 6B34762E2872A92400FF5E25 /* ErrorData.swift */; };
		6B3476322872A94D00FF5E25 /* URLRequestBuilder.swift in Sources */ = {isa = PBXBuildFile; fileRef = 6B3476312872A94D00FF5E25 /* URLRequestBuilder.swift */; };
		6B3476332872A94D00FF5E25 /* URLRequestBuilder.swift in Sources */ = {isa = PBXBuildFile; fileRef = 6B3476312872A94D00FF5E25 /* URLRequestBuilder.swift */; };
		6B3476352872A98E00FF5E25 /* ApiManager.swift in Sources */ = {isa = PBXBuildFile; fileRef = 6B3476342872A98E00FF5E25 /* ApiManager.swift */; };
		6B3476362872A98E00FF5E25 /* ApiManager.swift in Sources */ = {isa = PBXBuildFile; fileRef = 6B3476342872A98E00FF5E25 /* ApiManager.swift */; };
		6B3476382872B61600FF5E25 /* QuoteAPIs.swift in Sources */ = {isa = PBXBuildFile; fileRef = 6B3476372872B61600FF5E25 /* QuoteAPIs.swift */; };
		6B3476392872B61600FF5E25 /* QuoteAPIs.swift in Sources */ = {isa = PBXBuildFile; fileRef = 6B3476372872B61600FF5E25 /* QuoteAPIs.swift */; };
		6B34763B2872BCE600FF5E25 /* QuotesResponseElement.swift in Sources */ = {isa = PBXBuildFile; fileRef = 6B34763A2872BCE600FF5E25 /* QuotesResponseElement.swift */; };
		6B34763C2872BCE600FF5E25 /* QuotesResponseElement.swift in Sources */ = {isa = PBXBuildFile; fileRef = 6B34763A2872BCE600FF5E25 /* QuotesResponseElement.swift */; };
		D484DB546C72BC331C0AFA6F /* Pods_Flavor_DEV.framework in Frameworks */ = {isa = PBXBuildFile; fileRef = F35FD42DCF4CBAEC9380053D /* Pods_Flavor_DEV.framework */; };
/* End PBXBuildFile section */

/* Begin PBXContainerItemProxy section */
		6B1D67DF2869AC320081F2FE /* PBXContainerItemProxy */ = {
			isa = PBXContainerItemProxy;
			containerPortal = 6B1D67C62869AC320081F2FE /* Project object */;
			proxyType = 1;
			remoteGlobalIDString = 6B1D67CD2869AC320081F2FE;
			remoteInfo = Flavor;
		};
		6B1D67E92869AC330081F2FE /* PBXContainerItemProxy */ = {
			isa = PBXContainerItemProxy;
			containerPortal = 6B1D67C62869AC320081F2FE /* Project object */;
			proxyType = 1;
			remoteGlobalIDString = 6B1D67CD2869AC320081F2FE;
			remoteInfo = Flavor;
		};
/* End PBXContainerItemProxy section */

/* Begin PBXFileReference section */
		114280C062AFE26C558AB6F5 /* Pods_Flavor_QA.framework */ = {isa = PBXFileReference; explicitFileType = wrapper.framework; includeInIndex = 0; path = Pods_Flavor_QA.framework; sourceTree = BUILT_PRODUCTS_DIR; };
		6B1D67CE2869AC320081F2FE /* Flavor-DEV.app */ = {isa = PBXFileReference; explicitFileType = wrapper.application; includeInIndex = 0; path = "Flavor-DEV.app"; sourceTree = BUILT_PRODUCTS_DIR; };
		6B1D67D12869AC320081F2FE /* FlavorApp.swift */ = {isa = PBXFileReference; lastKnownFileType = sourcecode.swift; path = FlavorApp.swift; sourceTree = "<group>"; };
		6B1D67D52869AC320081F2FE /* Assets.xcassets */ = {isa = PBXFileReference; lastKnownFileType = folder.assetcatalog; path = Assets.xcassets; sourceTree = "<group>"; };
		6B1D67D82869AC320081F2FE /* Preview Assets.xcassets */ = {isa = PBXFileReference; lastKnownFileType = folder.assetcatalog; path = "Preview Assets.xcassets"; sourceTree = "<group>"; };
		6B1D67DE2869AC320081F2FE /* FlavorTests.xctest */ = {isa = PBXFileReference; explicitFileType = wrapper.cfbundle; includeInIndex = 0; path = FlavorTests.xctest; sourceTree = BUILT_PRODUCTS_DIR; };
		6B1D67E22869AC320081F2FE /* FlavorTests.swift */ = {isa = PBXFileReference; lastKnownFileType = sourcecode.swift; path = FlavorTests.swift; sourceTree = "<group>"; };
		6B1D67E82869AC330081F2FE /* FlavorUITests.xctest */ = {isa = PBXFileReference; explicitFileType = wrapper.cfbundle; includeInIndex = 0; path = FlavorUITests.xctest; sourceTree = BUILT_PRODUCTS_DIR; };
		6B1D67EC2869AC330081F2FE /* FlavorUITests.swift */ = {isa = PBXFileReference; lastKnownFileType = sourcecode.swift; path = FlavorUITests.swift; sourceTree = "<group>"; };
		6B1D67EE2869AC330081F2FE /* FlavorUITestsLaunchTests.swift */ = {isa = PBXFileReference; lastKnownFileType = sourcecode.swift; path = FlavorUITestsLaunchTests.swift; sourceTree = "<group>"; };
		6B1D67FB2869ACF20081F2FE /* Info-dev.plist */ = {isa = PBXFileReference; lastKnownFileType = text.plist.xml; path = "Info-dev.plist"; sourceTree = "<group>"; };
		6B1D68082869AED60081F2FE /* Flavor-QA.app */ = {isa = PBXFileReference; explicitFileType = wrapper.application; includeInIndex = 0; path = "Flavor-QA.app"; sourceTree = BUILT_PRODUCTS_DIR; };
		6B1D68092869AED60081F2FE /* Flavor copy-Info.plist */ = {isa = PBXFileReference; lastKnownFileType = text.plist.xml; name = "Flavor copy-Info.plist"; path = "/Users/oshitha/Documents/R & D /Flavor/Flavor copy-Info.plist"; sourceTree = "<absolute>"; };
		6B1D680A2869AEFE0081F2FE /* Info-qa.plist */ = {isa = PBXFileReference; fileEncoding = 4; lastKnownFileType = text.plist.xml; path = "Info-qa.plist"; sourceTree = "<group>"; };
		6B32DC2A286D69F1007B6DFB /* APIConstants.swift */ = {isa = PBXFileReference; lastKnownFileType = sourcecode.swift; path = APIConstants.swift; sourceTree = "<group>"; };
		6B32DC31286D6C9E007B6DFB /* Quote.swift */ = {isa = PBXFileReference; lastKnownFileType = sourcecode.swift; path = Quote.swift; sourceTree = "<group>"; };
		6B32DC35286D6E09007B6DFB /* QoutesScreen.swift */ = {isa = PBXFileReference; lastKnownFileType = sourcecode.swift; path = QoutesScreen.swift; sourceTree = "<group>"; };
		6B32DC3A286D6F57007B6DFB /* QoutesView.swift */ = {isa = PBXFileReference; lastKnownFileType = sourcecode.swift; path = QoutesView.swift; sourceTree = "<group>"; };
		6B32DC3E286D70FB007B6DFB /* QouteService.swift */ = {isa = PBXFileReference; lastKnownFileType = sourcecode.swift; path = QouteService.swift; sourceTree = "<group>"; };
		6B32DC42286D743C007B6DFB /* QoutesViewModel.swift */ = {isa = PBXFileReference; lastKnownFileType = sourcecode.swift; path = QoutesViewModel.swift; sourceTree = "<group>"; };
		6B32DC4B286D7AC7007B6DFB /* LoadingView.swift */ = {isa = PBXFileReference; lastKnownFileType = sourcecode.swift; path = LoadingView.swift; sourceTree = "<group>"; };
		6B32DC50286D7E61007B6DFB /* BaseView.swift */ = {isa = PBXFileReference; lastKnownFileType = sourcecode.swift; path = BaseView.swift; sourceTree = "<group>"; };
		6B34762B2872A90400FF5E25 /* APIError.swift */ = {isa = PBXFileReference; lastKnownFileType = sourcecode.swift; path = APIError.swift; sourceTree = "<group>"; };
		6B34762E2872A92400FF5E25 /* ErrorData.swift */ = {isa = PBXFileReference; lastKnownFileType = sourcecode.swift; path = ErrorData.swift; sourceTree = "<group>"; };
		6B3476312872A94D00FF5E25 /* URLRequestBuilder.swift */ = {isa = PBXFileReference; lastKnownFileType = sourcecode.swift; path = URLRequestBuilder.swift; sourceTree = "<group>"; };
		6B3476342872A98E00FF5E25 /* ApiManager.swift */ = {isa = PBXFileReference; lastKnownFileType = sourcecode.swift; path = ApiManager.swift; sourceTree = "<group>"; };
		6B3476372872B61600FF5E25 /* QuoteAPIs.swift */ = {isa = PBXFileReference; lastKnownFileType = sourcecode.swift; path = QuoteAPIs.swift; sourceTree = "<group>"; };
		6B34763A2872BCE600FF5E25 /* QuotesResponseElement.swift */ = {isa = PBXFileReference; lastKnownFileType = sourcecode.swift; path = QuotesResponseElement.swift; sourceTree = "<group>"; };
		6EEA107980C6276CFCAD5EAC /* Pods-Flavor-QA.release.xcconfig */ = {isa = PBXFileReference; includeInIndex = 1; lastKnownFileType = text.xcconfig; name = "Pods-Flavor-QA.release.xcconfig"; path = "Target Support Files/Pods-Flavor-QA/Pods-Flavor-QA.release.xcconfig"; sourceTree = "<group>"; };
		A41FF13A06228F20973FC40A /* Pods-Flavor-QA.debug.xcconfig */ = {isa = PBXFileReference; includeInIndex = 1; lastKnownFileType = text.xcconfig; name = "Pods-Flavor-QA.debug.xcconfig"; path = "Target Support Files/Pods-Flavor-QA/Pods-Flavor-QA.debug.xcconfig"; sourceTree = "<group>"; };
		BA1E18A7D26CDCBD4BEC8CA5 /* Pods-Flavor-DEV.release.xcconfig */ = {isa = PBXFileReference; includeInIndex = 1; lastKnownFileType = text.xcconfig; name = "Pods-Flavor-DEV.release.xcconfig"; path = "Target Support Files/Pods-Flavor-DEV/Pods-Flavor-DEV.release.xcconfig"; sourceTree = "<group>"; };
		E45538CBB3AA9D7AA8C0980F /* Pods-Flavor-DEV.debug.xcconfig */ = {isa = PBXFileReference; includeInIndex = 1; lastKnownFileType = text.xcconfig; name = "Pods-Flavor-DEV.debug.xcconfig"; path = "Target Support Files/Pods-Flavor-DEV/Pods-Flavor-DEV.debug.xcconfig"; sourceTree = "<group>"; };
		F35FD42DCF4CBAEC9380053D /* Pods_Flavor_DEV.framework */ = {isa = PBXFileReference; explicitFileType = wrapper.framework; includeInIndex = 0; path = Pods_Flavor_DEV.framework; sourceTree = BUILT_PRODUCTS_DIR; };
/* End PBXFileReference section */

/* Begin PBXFrameworksBuildPhase section */
		6B1D67CB2869AC320081F2FE /* Frameworks */ = {
			isa = PBXFrameworksBuildPhase;
			buildActionMask = 2147483647;
			files = (
				D484DB546C72BC331C0AFA6F /* Pods_Flavor_DEV.framework in Frameworks */,
			);
			runOnlyForDeploymentPostprocessing = 0;
		};
		6B1D67DB2869AC320081F2FE /* Frameworks */ = {
			isa = PBXFrameworksBuildPhase;
			buildActionMask = 2147483647;
			files = (
			);
			runOnlyForDeploymentPostprocessing = 0;
		};
		6B1D67E52869AC330081F2FE /* Frameworks */ = {
			isa = PBXFrameworksBuildPhase;
			buildActionMask = 2147483647;
			files = (
			);
			runOnlyForDeploymentPostprocessing = 0;
		};
		6B1D68012869AED60081F2FE /* Frameworks */ = {
			isa = PBXFrameworksBuildPhase;
			buildActionMask = 2147483647;
			files = (
				6624296715C09A6DF8C68114 /* Pods_Flavor_QA.framework in Frameworks */,
			);
			runOnlyForDeploymentPostprocessing = 0;
		};
/* End PBXFrameworksBuildPhase section */

/* Begin PBXGroup section */
		29615DD23931BCA3078B1FD5 /* Frameworks */ = {
			isa = PBXGroup;
			children = (
				F35FD42DCF4CBAEC9380053D /* Pods_Flavor_DEV.framework */,
				114280C062AFE26C558AB6F5 /* Pods_Flavor_QA.framework */,
			);
			name = Frameworks;
			sourceTree = "<group>";
		};
		6B1D67C52869AC320081F2FE = {
			isa = PBXGroup;
			children = (
				6B1D680A2869AEFE0081F2FE /* Info-qa.plist */,
				6B1D67FB2869ACF20081F2FE /* Info-dev.plist */,
				6B1D67D02869AC320081F2FE /* Flavor */,
				6B1D67E12869AC320081F2FE /* FlavorTests */,
				6B1D67EB2869AC330081F2FE /* FlavorUITests */,
				6B1D67CF2869AC320081F2FE /* Products */,
				6B1D68092869AED60081F2FE /* Flavor copy-Info.plist */,
				B5B6C40A2335E22411234335 /* Pods */,
				29615DD23931BCA3078B1FD5 /* Frameworks */,
			);
			sourceTree = "<group>";
		};
		6B1D67CF2869AC320081F2FE /* Products */ = {
			isa = PBXGroup;
			children = (
				6B1D67CE2869AC320081F2FE /* Flavor-DEV.app */,
				6B1D67DE2869AC320081F2FE /* FlavorTests.xctest */,
				6B1D67E82869AC330081F2FE /* FlavorUITests.xctest */,
				6B1D68082869AED60081F2FE /* Flavor-QA.app */,
			);
			name = Products;
			sourceTree = "<group>";
		};
		6B1D67D02869AC320081F2FE /* Flavor */ = {
			isa = PBXGroup;
			children = (
				6B32DC45286D7A10007B6DFB /* Base */,
				6B32DC22286D6387007B6DFB /* Features */,
				6B1D67D12869AC320081F2FE /* FlavorApp.swift */,
				6B1D67D52869AC320081F2FE /* Assets.xcassets */,
				6B1D67D72869AC320081F2FE /* Preview Content */,
			);
			path = Flavor;
			sourceTree = "<group>";
		};
		6B1D67D72869AC320081F2FE /* Preview Content */ = {
			isa = PBXGroup;
			children = (
				6B1D67D82869AC320081F2FE /* Preview Assets.xcassets */,
			);
			path = "Preview Content";
			sourceTree = "<group>";
		};
		6B1D67E12869AC320081F2FE /* FlavorTests */ = {
			isa = PBXGroup;
			children = (
				6B1D67E22869AC320081F2FE /* FlavorTests.swift */,
			);
			path = FlavorTests;
			sourceTree = "<group>";
		};
		6B1D67EB2869AC330081F2FE /* FlavorUITests */ = {
			isa = PBXGroup;
			children = (
				6B1D67EC2869AC330081F2FE /* FlavorUITests.swift */,
				6B1D67EE2869AC330081F2FE /* FlavorUITestsLaunchTests.swift */,
			);
			path = FlavorUITests;
			sourceTree = "<group>";
		};
		6B32DC22286D6387007B6DFB /* Features */ = {
			isa = PBXGroup;
			children = (
				6B32DC2D286D6C32007B6DFB /* Quote */,
				6B32DC23286D63C8007B6DFB /* Login */,
			);
			path = Features;
			sourceTree = "<group>";
		};
		6B32DC23286D63C8007B6DFB /* Login */ = {
			isa = PBXGroup;
			children = (
				6B32DC28286D651C007B6DFB /* ViewModel */,
				6B32DC27286D64E2007B6DFB /* Services */,
				6B32DC26286D645D007B6DFB /* Views */,
				6B32DC25286D6425007B6DFB /* Screen */,
				6B32DC24286D63E1007B6DFB /* Model */,
			);
			path = Login;
			sourceTree = "<group>";
		};
		6B32DC24286D63E1007B6DFB /* Model */ = {
			isa = PBXGroup;
			children = (
			);
			path = Model;
			sourceTree = "<group>";
		};
		6B32DC25286D6425007B6DFB /* Screen */ = {
			isa = PBXGroup;
			children = (
			);
			path = Screen;
			sourceTree = "<group>";
		};
		6B32DC26286D645D007B6DFB /* Views */ = {
			isa = PBXGroup;
			children = (
			);
			path = Views;
			sourceTree = "<group>";
		};
		6B32DC27286D64E2007B6DFB /* Services */ = {
			isa = PBXGroup;
			children = (
			);
			path = Services;
			sourceTree = "<group>";
		};
		6B32DC28286D651C007B6DFB /* ViewModel */ = {
			isa = PBXGroup;
			children = (
			);
			path = ViewModel;
			sourceTree = "<group>";
		};
		6B32DC29286D698E007B6DFB /* Constants */ = {
			isa = PBXGroup;
			children = (
				6B32DC2A286D69F1007B6DFB /* APIConstants.swift */,
			);
			path = Constants;
			sourceTree = "<group>";
		};
		6B32DC2D286D6C32007B6DFB /* Quote */ = {
			isa = PBXGroup;
			children = (
				6B32DC41286D7426007B6DFB /* ViewModel */,
				6B32DC3D286D70E2007B6DFB /* Services */,
				6B32DC39286D6F45007B6DFB /* Views */,
				6B32DC34286D6DCE007B6DFB /* Screen */,
				6B32DC2E286D6C68007B6DFB /* Model */,
			);
			path = Quote;
			sourceTree = "<group>";
		};
		6B32DC2E286D6C68007B6DFB /* Model */ = {
			isa = PBXGroup;
			children = (
				6B32DC30286D6C8C007B6DFB /* Response */,
				6B32DC2F286D6C87007B6DFB /* Request */,
			);
			path = Model;
			sourceTree = "<group>";
		};
		6B32DC2F286D6C87007B6DFB /* Request */ = {
			isa = PBXGroup;
			children = (
			);
			path = Request;
			sourceTree = "<group>";
		};
		6B32DC30286D6C8C007B6DFB /* Response */ = {
			isa = PBXGroup;
			children = (
				6B32DC31286D6C9E007B6DFB /* Quote.swift */,
				6B34763A2872BCE600FF5E25 /* QuotesResponseElement.swift */,
			);
			path = Response;
			sourceTree = "<group>";
		};
		6B32DC34286D6DCE007B6DFB /* Screen */ = {
			isa = PBXGroup;
			children = (
				6B32DC35286D6E09007B6DFB /* QoutesScreen.swift */,
			);
			path = Screen;
			sourceTree = "<group>";
		};
		6B32DC39286D6F45007B6DFB /* Views */ = {
			isa = PBXGroup;
			children = (
				6B32DC3A286D6F57007B6DFB /* QoutesView.swift */,
			);
			path = Views;
			sourceTree = "<group>";
		};
		6B32DC3D286D70E2007B6DFB /* Services */ = {
			isa = PBXGroup;
			children = (
				6B32DC3E286D70FB007B6DFB /* QouteService.swift */,
				6B3476372872B61600FF5E25 /* QuoteAPIs.swift */,
			);
			path = Services;
			sourceTree = "<group>";
		};
		6B32DC41286D7426007B6DFB /* ViewModel */ = {
			isa = PBXGroup;
			children = (
				6B32DC42286D743C007B6DFB /* QoutesViewModel.swift */,
			);
			path = ViewModel;
			sourceTree = "<group>";
		};
		6B32DC45286D7A10007B6DFB /* Base */ = {
			isa = PBXGroup;
			children = (
				6B34762A2872A8F700FF5E25 /* API */,
				6BB99FA1286D91DD0040AC37 /* Utils */,
				6B32DC4E286D7B59007B6DFB /* Extensions */,
				6B32DC46286D7A52007B6DFB /* Views */,
				6B32DC29286D698E007B6DFB /* Constants */,
			);
			path = Base;
			sourceTree = "<group>";
		};
		6B32DC46286D7A52007B6DFB /* Views */ = {
			isa = PBXGroup;
			children = (
				6B32DC4F286D7E2E007B6DFB /* BaseView */,
				6B32DC47286D7A6D007B6DFB /* Loading */,
			);
			path = Views;
			sourceTree = "<group>";
		};
		6B32DC47286D7A6D007B6DFB /* Loading */ = {
			isa = PBXGroup;
			children = (
				6B32DC4B286D7AC7007B6DFB /* LoadingView.swift */,
			);
			path = Loading;
			sourceTree = "<group>";
		};
		6B32DC4E286D7B59007B6DFB /* Extensions */ = {
			isa = PBXGroup;
			children = (
			);
			path = Extensions;
			sourceTree = "<group>";
		};
		6B32DC4F286D7E2E007B6DFB /* BaseView */ = {
			isa = PBXGroup;
			children = (
				6B32DC50286D7E61007B6DFB /* BaseView.swift */,
			);
			name = BaseView;
			sourceTree = "<group>";
		};
		6B34762A2872A8F700FF5E25 /* API */ = {
			isa = PBXGroup;
			children = (
				6B34762B2872A90400FF5E25 /* APIError.swift */,
				6B34762E2872A92400FF5E25 /* ErrorData.swift */,
				6B3476312872A94D00FF5E25 /* URLRequestBuilder.swift */,
				6B3476342872A98E00FF5E25 /* ApiManager.swift */,
			);
			path = API;
			sourceTree = "<group>";
		};
		6BB99FA1286D91DD0040AC37 /* Utils */ = {
			isa = PBXGroup;
			children = (
			);
			path = Utils;
			sourceTree = "<group>";
		};
		B5B6C40A2335E22411234335 /* Pods */ = {
			isa = PBXGroup;
			children = (
				E45538CBB3AA9D7AA8C0980F /* Pods-Flavor-DEV.debug.xcconfig */,
				BA1E18A7D26CDCBD4BEC8CA5 /* Pods-Flavor-DEV.release.xcconfig */,
				A41FF13A06228F20973FC40A /* Pods-Flavor-QA.debug.xcconfig */,
				6EEA107980C6276CFCAD5EAC /* Pods-Flavor-QA.release.xcconfig */,
			);
			path = Pods;
			sourceTree = "<group>";
		};
/* End PBXGroup section */

/* Begin PBXNativeTarget section */
		6B1D67CD2869AC320081F2FE /* Flavor-DEV */ = {
			isa = PBXNativeTarget;
			buildConfigurationList = 6B1D67F22869AC330081F2FE /* Build configuration list for PBXNativeTarget "Flavor-DEV" */;
			buildPhases = (
				2B2750EFC1F7BA7CFEE7DFE1 /* [CP] Check Pods Manifest.lock */,
				6B1D67CA2869AC320081F2FE /* Sources */,
				6B1D67CB2869AC320081F2FE /* Frameworks */,
				6B1D67CC2869AC320081F2FE /* Resources */,
				13FB25CB9C249FE96334AA8F /* [CP] Embed Pods Frameworks */,
			);
			buildRules = (
			);
			dependencies = (
			);
			name = "Flavor-DEV";
			productName = Flavor;
			productReference = 6B1D67CE2869AC320081F2FE /* Flavor-DEV.app */;
			productType = "com.apple.product-type.application";
		};
		6B1D67DD2869AC320081F2FE /* FlavorTests */ = {
			isa = PBXNativeTarget;
			buildConfigurationList = 6B1D67F52869AC330081F2FE /* Build configuration list for PBXNativeTarget "FlavorTests" */;
			buildPhases = (
				6B1D67DA2869AC320081F2FE /* Sources */,
				6B1D67DB2869AC320081F2FE /* Frameworks */,
				6B1D67DC2869AC320081F2FE /* Resources */,
			);
			buildRules = (
			);
			dependencies = (
				6B1D67E02869AC320081F2FE /* PBXTargetDependency */,
			);
			name = FlavorTests;
			productName = FlavorTests;
			productReference = 6B1D67DE2869AC320081F2FE /* FlavorTests.xctest */;
			productType = "com.apple.product-type.bundle.unit-test";
		};
		6B1D67E72869AC330081F2FE /* FlavorUITests */ = {
			isa = PBXNativeTarget;
			buildConfigurationList = 6B1D67F82869AC330081F2FE /* Build configuration list for PBXNativeTarget "FlavorUITests" */;
			buildPhases = (
				6B1D67E42869AC330081F2FE /* Sources */,
				6B1D67E52869AC330081F2FE /* Frameworks */,
				6B1D67E62869AC330081F2FE /* Resources */,
			);
			buildRules = (
			);
			dependencies = (
				6B1D67EA2869AC330081F2FE /* PBXTargetDependency */,
			);
			name = FlavorUITests;
			productName = FlavorUITests;
			productReference = 6B1D67E82869AC330081F2FE /* FlavorUITests.xctest */;
			productType = "com.apple.product-type.bundle.ui-testing";
		};
		6B1D67FD2869AED60081F2FE /* Flavor-QA */ = {
			isa = PBXNativeTarget;
			buildConfigurationList = 6B1D68052869AED60081F2FE /* Build configuration list for PBXNativeTarget "Flavor-QA" */;
			buildPhases = (
				F2FDA9546BE8068AA5654B13 /* [CP] Check Pods Manifest.lock */,
				6B1D67FE2869AED60081F2FE /* Sources */,
				6B1D68012869AED60081F2FE /* Frameworks */,
				6B1D68022869AED60081F2FE /* Resources */,
				9C7A00F2F0E2006BD9BAA4E2 /* [CP] Embed Pods Frameworks */,
			);
			buildRules = (
			);
			dependencies = (
			);
			name = "Flavor-QA";
			productName = Flavor;
			productReference = 6B1D68082869AED60081F2FE /* Flavor-QA.app */;
			productType = "com.apple.product-type.application";
		};
/* End PBXNativeTarget section */

/* Begin PBXProject section */
		6B1D67C62869AC320081F2FE /* Project object */ = {
			isa = PBXProject;
			attributes = {
				BuildIndependentTargetsInParallel = 1;
				LastSwiftUpdateCheck = 1340;
				LastUpgradeCheck = 1340;
				TargetAttributes = {
					6B1D67CD2869AC320081F2FE = {
						CreatedOnToolsVersion = 13.4.1;
					};
					6B1D67DD2869AC320081F2FE = {
						CreatedOnToolsVersion = 13.4.1;
						TestTargetID = 6B1D67CD2869AC320081F2FE;
					};
					6B1D67E72869AC330081F2FE = {
						CreatedOnToolsVersion = 13.4.1;
						TestTargetID = 6B1D67CD2869AC320081F2FE;
					};
				};
			};
			buildConfigurationList = 6B1D67C92869AC320081F2FE /* Build configuration list for PBXProject "Flavor" */;
			compatibilityVersion = "Xcode 13.0";
			developmentRegion = en;
			hasScannedForEncodings = 0;
			knownRegions = (
				en,
				Base,
			);
			mainGroup = 6B1D67C52869AC320081F2FE;
			productRefGroup = 6B1D67CF2869AC320081F2FE /* Products */;
			projectDirPath = "";
			projectRoot = "";
			targets = (
				6B1D67CD2869AC320081F2FE /* Flavor-DEV */,
				6B1D67DD2869AC320081F2FE /* FlavorTests */,
				6B1D67E72869AC330081F2FE /* FlavorUITests */,
				6B1D67FD2869AED60081F2FE /* Flavor-QA */,
			);
		};
/* End PBXProject section */

/* Begin PBXResourcesBuildPhase section */
		6B1D67CC2869AC320081F2FE /* Resources */ = {
			isa = PBXResourcesBuildPhase;
			buildActionMask = 2147483647;
			files = (
				6B1D67D92869AC320081F2FE /* Preview Assets.xcassets in Resources */,
				6B1D680C2869AF050081F2FE /* Info-dev.plist in Resources */,
				6B1D67D62869AC320081F2FE /* Assets.xcassets in Resources */,
			);
			runOnlyForDeploymentPostprocessing = 0;
		};
		6B1D67DC2869AC320081F2FE /* Resources */ = {
			isa = PBXResourcesBuildPhase;
			buildActionMask = 2147483647;
			files = (
			);
			runOnlyForDeploymentPostprocessing = 0;
		};
		6B1D67E62869AC330081F2FE /* Resources */ = {
			isa = PBXResourcesBuildPhase;
			buildActionMask = 2147483647;
			files = (
			);
			runOnlyForDeploymentPostprocessing = 0;
		};
		6B1D68022869AED60081F2FE /* Resources */ = {
			isa = PBXResourcesBuildPhase;
			buildActionMask = 2147483647;
			files = (
				6B1D68032869AED60081F2FE /* Preview Assets.xcassets in Resources */,
				6B1D680B2869AEFE0081F2FE /* Info-qa.plist in Resources */,
				6B1D68042869AED60081F2FE /* Assets.xcassets in Resources */,
			);
			runOnlyForDeploymentPostprocessing = 0;
		};
/* End PBXResourcesBuildPhase section */

/* Begin PBXShellScriptBuildPhase section */
		13FB25CB9C249FE96334AA8F /* [CP] Embed Pods Frameworks */ = {
			isa = PBXShellScriptBuildPhase;
			buildActionMask = 2147483647;
			files = (
			);
			inputFileListPaths = (
				"${PODS_ROOT}/Target Support Files/Pods-Flavor-DEV/Pods-Flavor-DEV-frameworks-${CONFIGURATION}-input-files.xcfilelist",
			);
			name = "[CP] Embed Pods Frameworks";
			outputFileListPaths = (
				"${PODS_ROOT}/Target Support Files/Pods-Flavor-DEV/Pods-Flavor-DEV-frameworks-${CONFIGURATION}-output-files.xcfilelist",
			);
			runOnlyForDeploymentPostprocessing = 0;
			shellPath = /bin/sh;
			shellScript = "\"${PODS_ROOT}/Target Support Files/Pods-Flavor-DEV/Pods-Flavor-DEV-frameworks.sh\"\n";
			showEnvVarsInLog = 0;
		};
		2B2750EFC1F7BA7CFEE7DFE1 /* [CP] Check Pods Manifest.lock */ = {
			isa = PBXShellScriptBuildPhase;
			buildActionMask = 2147483647;
			files = (
			);
			inputFileListPaths = (
			);
			inputPaths = (
				"${PODS_PODFILE_DIR_PATH}/Podfile.lock",
				"${PODS_ROOT}/Manifest.lock",
			);
			name = "[CP] Check Pods Manifest.lock";
			outputFileListPaths = (
			);
			outputPaths = (
				"$(DERIVED_FILE_DIR)/Pods-Flavor-DEV-checkManifestLockResult.txt",
			);
			runOnlyForDeploymentPostprocessing = 0;
			shellPath = /bin/sh;
			shellScript = "diff \"${PODS_PODFILE_DIR_PATH}/Podfile.lock\" \"${PODS_ROOT}/Manifest.lock\" > /dev/null\nif [ $? != 0 ] ; then\n    # print error to STDERR\n    echo \"error: The sandbox is not in sync with the Podfile.lock. Run 'pod install' or update your CocoaPods installation.\" >&2\n    exit 1\nfi\n# This output is used by Xcode 'outputs' to avoid re-running this script phase.\necho \"SUCCESS\" > \"${SCRIPT_OUTPUT_FILE_0}\"\n";
			showEnvVarsInLog = 0;
		};
		9C7A00F2F0E2006BD9BAA4E2 /* [CP] Embed Pods Frameworks */ = {
			isa = PBXShellScriptBuildPhase;
			buildActionMask = 2147483647;
			files = (
			);
			inputFileListPaths = (
				"${PODS_ROOT}/Target Support Files/Pods-Flavor-QA/Pods-Flavor-QA-frameworks-${CONFIGURATION}-input-files.xcfilelist",
			);
			name = "[CP] Embed Pods Frameworks";
			outputFileListPaths = (
				"${PODS_ROOT}/Target Support Files/Pods-Flavor-QA/Pods-Flavor-QA-frameworks-${CONFIGURATION}-output-files.xcfilelist",
			);
			runOnlyForDeploymentPostprocessing = 0;
			shellPath = /bin/sh;
			shellScript = "\"${PODS_ROOT}/Target Support Files/Pods-Flavor-QA/Pods-Flavor-QA-frameworks.sh\"\n";
			showEnvVarsInLog = 0;
		};
		F2FDA9546BE8068AA5654B13 /* [CP] Check Pods Manifest.lock */ = {
			isa = PBXShellScriptBuildPhase;
			buildActionMask = 2147483647;
			files = (
			);
			inputFileListPaths = (
			);
			inputPaths = (
				"${PODS_PODFILE_DIR_PATH}/Podfile.lock",
				"${PODS_ROOT}/Manifest.lock",
			);
			name = "[CP] Check Pods Manifest.lock";
			outputFileListPaths = (
			);
			outputPaths = (
				"$(DERIVED_FILE_DIR)/Pods-Flavor-QA-checkManifestLockResult.txt",
			);
			runOnlyForDeploymentPostprocessing = 0;
			shellPath = /bin/sh;
			shellScript = "diff \"${PODS_PODFILE_DIR_PATH}/Podfile.lock\" \"${PODS_ROOT}/Manifest.lock\" > /dev/null\nif [ $? != 0 ] ; then\n    # print error to STDERR\n    echo \"error: The sandbox is not in sync with the Podfile.lock. Run 'pod install' or update your CocoaPods installation.\" >&2\n    exit 1\nfi\n# This output is used by Xcode 'outputs' to avoid re-running this script phase.\necho \"SUCCESS\" > \"${SCRIPT_OUTPUT_FILE_0}\"\n";
			showEnvVarsInLog = 0;
		};
/* End PBXShellScriptBuildPhase section */

/* Begin PBXSourcesBuildPhase section */
		6B1D67CA2869AC320081F2FE /* Sources */ = {
			isa = PBXSourcesBuildPhase;
			buildActionMask = 2147483647;
			files = (
				6B32DC32286D6C9E007B6DFB /* Quote.swift in Sources */,
				6B34763B2872BCE600FF5E25 /* QuotesResponseElement.swift in Sources */,
				6B34762F2872A92400FF5E25 /* ErrorData.swift in Sources */,
				6B32DC3F286D70FB007B6DFB /* QouteService.swift in Sources */,
				6B32DC36286D6E09007B6DFB /* QoutesScreen.swift in Sources */,
				6B34762C2872A90400FF5E25 /* APIError.swift in Sources */,
				6B3476382872B61600FF5E25 /* QuoteAPIs.swift in Sources */,
				6B3476322872A94D00FF5E25 /* URLRequestBuilder.swift in Sources */,
				6B1D67D22869AC320081F2FE /* FlavorApp.swift in Sources */,
				6B32DC43286D743C007B6DFB /* QoutesViewModel.swift in Sources */,
				6B3476352872A98E00FF5E25 /* ApiManager.swift in Sources */,
				6B32DC2B286D69F1007B6DFB /* APIConstants.swift in Sources */,
				6B32DC51286D7E61007B6DFB /* BaseView.swift in Sources */,
				6B32DC3B286D6F57007B6DFB /* QoutesView.swift in Sources */,
				6B32DC4C286D7AC7007B6DFB /* LoadingView.swift in Sources */,
			);
			runOnlyForDeploymentPostprocessing = 0;
		};
		6B1D67DA2869AC320081F2FE /* Sources */ = {
			isa = PBXSourcesBuildPhase;
			buildActionMask = 2147483647;
			files = (
				6B1D67E32869AC320081F2FE /* FlavorTests.swift in Sources */,
			);
			runOnlyForDeploymentPostprocessing = 0;
		};
		6B1D67E42869AC330081F2FE /* Sources */ = {
			isa = PBXSourcesBuildPhase;
			buildActionMask = 2147483647;
			files = (
				6B1D67EF2869AC330081F2FE /* FlavorUITestsLaunchTests.swift in Sources */,
				6B1D67ED2869AC330081F2FE /* FlavorUITests.swift in Sources */,
			);
			runOnlyForDeploymentPostprocessing = 0;
		};
		6B1D67FE2869AED60081F2FE /* Sources */ = {
			isa = PBXSourcesBuildPhase;
			buildActionMask = 2147483647;
			files = (
				6B32DC33286D6C9E007B6DFB /* Quote.swift in Sources */,
				6B34763C2872BCE600FF5E25 /* QuotesResponseElement.swift in Sources */,
				6B3476302872A92400FF5E25 /* ErrorData.swift in Sources */,
				6B32DC40286D70FB007B6DFB /* QouteService.swift in Sources */,
				6B32DC37286D6E09007B6DFB /* QoutesScreen.swift in Sources */,
				6B34762D2872A90400FF5E25 /* APIError.swift in Sources */,
				6B3476392872B61600FF5E25 /* QuoteAPIs.swift in Sources */,
				6B3476332872A94D00FF5E25 /* URLRequestBuilder.swift in Sources */,
				6B1D68002869AED60081F2FE /* FlavorApp.swift in Sources */,
				6B32DC44286D743C007B6DFB /* QoutesViewModel.swift in Sources */,
				6B3476362872A98E00FF5E25 /* ApiManager.swift in Sources */,
				6B32DC2C286D69F1007B6DFB /* APIConstants.swift in Sources */,
				6B32DC52286D7E61007B6DFB /* BaseView.swift in Sources */,
				6B32DC3C286D6F57007B6DFB /* QoutesView.swift in Sources */,
				6B32DC4D286D7AC7007B6DFB /* LoadingView.swift in Sources */,
			);
			runOnlyForDeploymentPostprocessing = 0;
		};
/* End PBXSourcesBuildPhase section */

/* Begin PBXTargetDependency section */
		6B1D67E02869AC320081F2FE /* PBXTargetDependency */ = {
			isa = PBXTargetDependency;
			target = 6B1D67CD2869AC320081F2FE /* Flavor-DEV */;
			targetProxy = 6B1D67DF2869AC320081F2FE /* PBXContainerItemProxy */;
		};
		6B1D67EA2869AC330081F2FE /* PBXTargetDependency */ = {
			isa = PBXTargetDependency;
			target = 6B1D67CD2869AC320081F2FE /* Flavor-DEV */;
			targetProxy = 6B1D67E92869AC330081F2FE /* PBXContainerItemProxy */;
		};
/* End PBXTargetDependency section */

/* Begin XCBuildConfiguration section */
		6B1D67F02869AC330081F2FE /* Debug */ = {
			isa = XCBuildConfiguration;
			buildSettings = {
				ALWAYS_SEARCH_USER_PATHS = NO;
				CLANG_ANALYZER_NONNULL = YES;
				CLANG_ANALYZER_NUMBER_OBJECT_CONVERSION = YES_AGGRESSIVE;
				CLANG_CXX_LANGUAGE_STANDARD = "gnu++17";
				CLANG_ENABLE_MODULES = YES;
				CLANG_ENABLE_OBJC_ARC = YES;
				CLANG_ENABLE_OBJC_WEAK = YES;
				CLANG_WARN_BLOCK_CAPTURE_AUTORELEASING = YES;
				CLANG_WARN_BOOL_CONVERSION = YES;
				CLANG_WARN_COMMA = YES;
				CLANG_WARN_CONSTANT_CONVERSION = YES;
				CLANG_WARN_DEPRECATED_OBJC_IMPLEMENTATIONS = YES;
				CLANG_WARN_DIRECT_OBJC_ISA_USAGE = YES_ERROR;
				CLANG_WARN_DOCUMENTATION_COMMENTS = YES;
				CLANG_WARN_EMPTY_BODY = YES;
				CLANG_WARN_ENUM_CONVERSION = YES;
				CLANG_WARN_INFINITE_RECURSION = YES;
				CLANG_WARN_INT_CONVERSION = YES;
				CLANG_WARN_NON_LITERAL_NULL_CONVERSION = YES;
				CLANG_WARN_OBJC_IMPLICIT_RETAIN_SELF = YES;
				CLANG_WARN_OBJC_LITERAL_CONVERSION = YES;
				CLANG_WARN_OBJC_ROOT_CLASS = YES_ERROR;
				CLANG_WARN_QUOTED_INCLUDE_IN_FRAMEWORK_HEADER = YES;
				CLANG_WARN_RANGE_LOOP_ANALYSIS = YES;
				CLANG_WARN_STRICT_PROTOTYPES = YES;
				CLANG_WARN_SUSPICIOUS_MOVE = YES;
				CLANG_WARN_UNGUARDED_AVAILABILITY = YES_AGGRESSIVE;
				CLANG_WARN_UNREACHABLE_CODE = YES;
				CLANG_WARN__DUPLICATE_METHOD_MATCH = YES;
				COPY_PHASE_STRIP = NO;
				DEBUG_INFORMATION_FORMAT = dwarf;
				ENABLE_STRICT_OBJC_MSGSEND = YES;
				ENABLE_TESTABILITY = YES;
				GCC_C_LANGUAGE_STANDARD = gnu11;
				GCC_DYNAMIC_NO_PIC = NO;
				GCC_NO_COMMON_BLOCKS = YES;
				GCC_OPTIMIZATION_LEVEL = 0;
				GCC_PREPROCESSOR_DEFINITIONS = (
					"DEBUG=1",
					"$(inherited)",
				);
				GCC_WARN_64_TO_32_BIT_CONVERSION = YES;
				GCC_WARN_ABOUT_RETURN_TYPE = YES_ERROR;
				GCC_WARN_UNDECLARED_SELECTOR = YES;
				GCC_WARN_UNINITIALIZED_AUTOS = YES_AGGRESSIVE;
				GCC_WARN_UNUSED_FUNCTION = YES;
				GCC_WARN_UNUSED_VARIABLE = YES;
				IPHONEOS_DEPLOYMENT_TARGET = 15.5;
				MTL_ENABLE_DEBUG_INFO = INCLUDE_SOURCE;
				MTL_FAST_MATH = YES;
				ONLY_ACTIVE_ARCH = YES;
				SDKROOT = iphoneos;
				SWIFT_ACTIVE_COMPILATION_CONDITIONS = DEBUG;
				SWIFT_OPTIMIZATION_LEVEL = "-Onone";
			};
			name = Debug;
		};
		6B1D67F12869AC330081F2FE /* Release */ = {
			isa = XCBuildConfiguration;
			buildSettings = {
				ALWAYS_SEARCH_USER_PATHS = NO;
				CLANG_ANALYZER_NONNULL = YES;
				CLANG_ANALYZER_NUMBER_OBJECT_CONVERSION = YES_AGGRESSIVE;
				CLANG_CXX_LANGUAGE_STANDARD = "gnu++17";
				CLANG_ENABLE_MODULES = YES;
				CLANG_ENABLE_OBJC_ARC = YES;
				CLANG_ENABLE_OBJC_WEAK = YES;
				CLANG_WARN_BLOCK_CAPTURE_AUTORELEASING = YES;
				CLANG_WARN_BOOL_CONVERSION = YES;
				CLANG_WARN_COMMA = YES;
				CLANG_WARN_CONSTANT_CONVERSION = YES;
				CLANG_WARN_DEPRECATED_OBJC_IMPLEMENTATIONS = YES;
				CLANG_WARN_DIRECT_OBJC_ISA_USAGE = YES_ERROR;
				CLANG_WARN_DOCUMENTATION_COMMENTS = YES;
				CLANG_WARN_EMPTY_BODY = YES;
				CLANG_WARN_ENUM_CONVERSION = YES;
				CLANG_WARN_INFINITE_RECURSION = YES;
				CLANG_WARN_INT_CONVERSION = YES;
				CLANG_WARN_NON_LITERAL_NULL_CONVERSION = YES;
				CLANG_WARN_OBJC_IMPLICIT_RETAIN_SELF = YES;
				CLANG_WARN_OBJC_LITERAL_CONVERSION = YES;
				CLANG_WARN_OBJC_ROOT_CLASS = YES_ERROR;
				CLANG_WARN_QUOTED_INCLUDE_IN_FRAMEWORK_HEADER = YES;
				CLANG_WARN_RANGE_LOOP_ANALYSIS = YES;
				CLANG_WARN_STRICT_PROTOTYPES = YES;
				CLANG_WARN_SUSPICIOUS_MOVE = YES;
				CLANG_WARN_UNGUARDED_AVAILABILITY = YES_AGGRESSIVE;
				CLANG_WARN_UNREACHABLE_CODE = YES;
				CLANG_WARN__DUPLICATE_METHOD_MATCH = YES;
				COPY_PHASE_STRIP = NO;
				DEBUG_INFORMATION_FORMAT = "dwarf-with-dsym";
				ENABLE_NS_ASSERTIONS = NO;
				ENABLE_STRICT_OBJC_MSGSEND = YES;
				GCC_C_LANGUAGE_STANDARD = gnu11;
				GCC_NO_COMMON_BLOCKS = YES;
				GCC_WARN_64_TO_32_BIT_CONVERSION = YES;
				GCC_WARN_ABOUT_RETURN_TYPE = YES_ERROR;
				GCC_WARN_UNDECLARED_SELECTOR = YES;
				GCC_WARN_UNINITIALIZED_AUTOS = YES_AGGRESSIVE;
				GCC_WARN_UNUSED_FUNCTION = YES;
				GCC_WARN_UNUSED_VARIABLE = YES;
				IPHONEOS_DEPLOYMENT_TARGET = 15.5;
				MTL_ENABLE_DEBUG_INFO = NO;
				MTL_FAST_MATH = YES;
				SDKROOT = iphoneos;
				SWIFT_COMPILATION_MODE = wholemodule;
				SWIFT_OPTIMIZATION_LEVEL = "-O";
				VALIDATE_PRODUCT = YES;
			};
			name = Release;
		};
		6B1D67F32869AC330081F2FE /* Debug */ = {
			isa = XCBuildConfiguration;
			baseConfigurationReference = E45538CBB3AA9D7AA8C0980F /* Pods-Flavor-DEV.debug.xcconfig */;
			buildSettings = {
				ASSETCATALOG_COMPILER_APPICON_NAME = AppIcon;
				ASSETCATALOG_COMPILER_GLOBAL_ACCENT_COLOR_NAME = AccentColor;
				CODE_SIGN_STYLE = Automatic;
				CURRENT_PROJECT_VERSION = 1;
				DEVELOPMENT_ASSET_PATHS = "\"Flavor/Preview Content\"";
				DEVELOPMENT_TEAM = P62CT273CB;
				ENABLE_PREVIEWS = YES;
				GENERATE_INFOPLIST_FILE = NO;
				INFOPLIST_FILE = "Info-dev.plist";
				INFOPLIST_KEY_UIApplicationSceneManifest_Generation = YES;
				INFOPLIST_KEY_UIApplicationSupportsIndirectInputEvents = YES;
				INFOPLIST_KEY_UILaunchScreen_Generation = YES;
				INFOPLIST_KEY_UISupportedInterfaceOrientations_iPad = "UIInterfaceOrientationPortrait UIInterfaceOrientationPortraitUpsideDown UIInterfaceOrientationLandscapeLeft UIInterfaceOrientationLandscapeRight";
				INFOPLIST_KEY_UISupportedInterfaceOrientations_iPhone = "UIInterfaceOrientationPortrait UIInterfaceOrientationLandscapeLeft UIInterfaceOrientationLandscapeRight";
				LD_RUNPATH_SEARCH_PATHS = (
					"$(inherited)",
					"@executable_path/Frameworks",
				);
				MARKETING_VERSION = 1.0;
				OTHER_LDFLAGS = "";
				OTHER_SWIFT_FLAGS = "-DDEV";
				PRODUCT_BUNDLE_IDENTIFIER = se.ideabits.AudioPreference.Flavor;
				PRODUCT_NAME = "$(TARGET_NAME)";
				SWIFT_EMIT_LOC_STRINGS = YES;
				SWIFT_VERSION = 5.0;
				TARGETED_DEVICE_FAMILY = "1,2";
			};
			name = Debug;
		};
		6B1D67F42869AC330081F2FE /* Release */ = {
			isa = XCBuildConfiguration;
			baseConfigurationReference = BA1E18A7D26CDCBD4BEC8CA5 /* Pods-Flavor-DEV.release.xcconfig */;
			buildSettings = {
				ASSETCATALOG_COMPILER_APPICON_NAME = AppIcon;
				ASSETCATALOG_COMPILER_GLOBAL_ACCENT_COLOR_NAME = AccentColor;
				CODE_SIGN_STYLE = Automatic;
				CURRENT_PROJECT_VERSION = 1;
				DEVELOPMENT_ASSET_PATHS = "\"Flavor/Preview Content\"";
				DEVELOPMENT_TEAM = P62CT273CB;
				ENABLE_PREVIEWS = YES;
				GENERATE_INFOPLIST_FILE = NO;
				INFOPLIST_FILE = "Info-dev.plist";
				INFOPLIST_KEY_UIApplicationSceneManifest_Generation = YES;
				INFOPLIST_KEY_UIApplicationSupportsIndirectInputEvents = YES;
				INFOPLIST_KEY_UILaunchScreen_Generation = YES;
				INFOPLIST_KEY_UISupportedInterfaceOrientations_iPad = "UIInterfaceOrientationPortrait UIInterfaceOrientationPortraitUpsideDown UIInterfaceOrientationLandscapeLeft UIInterfaceOrientationLandscapeRight";
				INFOPLIST_KEY_UISupportedInterfaceOrientations_iPhone = "UIInterfaceOrientationPortrait UIInterfaceOrientationLandscapeLeft UIInterfaceOrientationLandscapeRight";
				LD_RUNPATH_SEARCH_PATHS = (
					"$(inherited)",
					"@executable_path/Frameworks",
				);
				MARKETING_VERSION = 1.0;
				OTHER_LDFLAGS = "";
				OTHER_SWIFT_FLAGS = "-DDEV";
				PRODUCT_BUNDLE_IDENTIFIER = se.ideabits.AudioPreference.Flavor;
				PRODUCT_NAME = "$(TARGET_NAME)";
				SWIFT_EMIT_LOC_STRINGS = YES;
				SWIFT_VERSION = 5.0;
				TARGETED_DEVICE_FAMILY = "1,2";
			};
			name = Release;
		};
		6B1D67F62869AC330081F2FE /* Debug */ = {
			isa = XCBuildConfiguration;
			buildSettings = {
				ALWAYS_EMBED_SWIFT_STANDARD_LIBRARIES = YES;
				BUNDLE_LOADER = "$(TEST_HOST)";
				CODE_SIGN_STYLE = Automatic;
				CURRENT_PROJECT_VERSION = 1;
				DEVELOPMENT_TEAM = P62CT273CB;
				GENERATE_INFOPLIST_FILE = YES;
				IPHONEOS_DEPLOYMENT_TARGET = 15.5;
				MARKETING_VERSION = 1.0;
				PRODUCT_BUNDLE_IDENTIFIER = se.ideabits.AudioPreference.FlavorTests;
				PRODUCT_NAME = "$(TARGET_NAME)";
				SWIFT_EMIT_LOC_STRINGS = NO;
				SWIFT_VERSION = 5.0;
				TARGETED_DEVICE_FAMILY = "1,2";
				TEST_HOST = "$(BUILT_PRODUCTS_DIR)/Flavor.app/Flavor";
			};
			name = Debug;
		};
		6B1D67F72869AC330081F2FE /* Release */ = {
			isa = XCBuildConfiguration;
			buildSettings = {
				ALWAYS_EMBED_SWIFT_STANDARD_LIBRARIES = YES;
				BUNDLE_LOADER = "$(TEST_HOST)";
				CODE_SIGN_STYLE = Automatic;
				CURRENT_PROJECT_VERSION = 1;
				DEVELOPMENT_TEAM = P62CT273CB;
				GENERATE_INFOPLIST_FILE = YES;
				IPHONEOS_DEPLOYMENT_TARGET = 15.5;
				MARKETING_VERSION = 1.0;
				PRODUCT_BUNDLE_IDENTIFIER = se.ideabits.AudioPreference.FlavorTests;
				PRODUCT_NAME = "$(TARGET_NAME)";
				SWIFT_EMIT_LOC_STRINGS = NO;
				SWIFT_VERSION = 5.0;
				TARGETED_DEVICE_FAMILY = "1,2";
				TEST_HOST = "$(BUILT_PRODUCTS_DIR)/Flavor.app/Flavor";
			};
			name = Release;
		};
		6B1D67F92869AC330081F2FE /* Debug */ = {
			isa = XCBuildConfiguration;
			buildSettings = {
				ALWAYS_EMBED_SWIFT_STANDARD_LIBRARIES = YES;
				CODE_SIGN_STYLE = Automatic;
				CURRENT_PROJECT_VERSION = 1;
				DEVELOPMENT_TEAM = P62CT273CB;
				GENERATE_INFOPLIST_FILE = YES;
				MARKETING_VERSION = 1.0;
				PRODUCT_BUNDLE_IDENTIFIER = se.ideabits.AudioPreference.FlavorUITests;
				PRODUCT_NAME = "$(TARGET_NAME)";
				SWIFT_EMIT_LOC_STRINGS = NO;
				SWIFT_VERSION = 5.0;
				TARGETED_DEVICE_FAMILY = "1,2";
				TEST_TARGET_NAME = Flavor;
			};
			name = Debug;
		};
		6B1D67FA2869AC330081F2FE /* Release */ = {
			isa = XCBuildConfiguration;
			buildSettings = {
				ALWAYS_EMBED_SWIFT_STANDARD_LIBRARIES = YES;
				CODE_SIGN_STYLE = Automatic;
				CURRENT_PROJECT_VERSION = 1;
				DEVELOPMENT_TEAM = P62CT273CB;
				GENERATE_INFOPLIST_FILE = YES;
				MARKETING_VERSION = 1.0;
				PRODUCT_BUNDLE_IDENTIFIER = se.ideabits.AudioPreference.FlavorUITests;
				PRODUCT_NAME = "$(TARGET_NAME)";
				SWIFT_EMIT_LOC_STRINGS = NO;
				SWIFT_VERSION = 5.0;
				TARGETED_DEVICE_FAMILY = "1,2";
				TEST_TARGET_NAME = Flavor;
			};
			name = Release;
		};
		6B1D68062869AED60081F2FE /* Debug */ = {
			isa = XCBuildConfiguration;
			baseConfigurationReference = A41FF13A06228F20973FC40A /* Pods-Flavor-QA.debug.xcconfig */;
			buildSettings = {
				ASSETCATALOG_COMPILER_APPICON_NAME = AppIcon;
				ASSETCATALOG_COMPILER_GLOBAL_ACCENT_COLOR_NAME = AccentColor;
				CODE_SIGN_STYLE = Automatic;
				CURRENT_PROJECT_VERSION = 1;
				DEVELOPMENT_ASSET_PATHS = "\"Flavor/Preview Content\"";
				DEVELOPMENT_TEAM = P62CT273CB;
				ENABLE_PREVIEWS = YES;
				GENERATE_INFOPLIST_FILE = NO;
				INFOPLIST_FILE = "Info-qa.plist";
				INFOPLIST_KEY_UIApplicationSceneManifest_Generation = YES;
				INFOPLIST_KEY_UIApplicationSupportsIndirectInputEvents = YES;
				INFOPLIST_KEY_UILaunchScreen_Generation = YES;
				INFOPLIST_KEY_UISupportedInterfaceOrientations_iPad = "UIInterfaceOrientationPortrait UIInterfaceOrientationPortraitUpsideDown UIInterfaceOrientationLandscapeLeft UIInterfaceOrientationLandscapeRight";
				INFOPLIST_KEY_UISupportedInterfaceOrientations_iPhone = "UIInterfaceOrientationPortrait UIInterfaceOrientationLandscapeLeft UIInterfaceOrientationLandscapeRight";
				LD_RUNPATH_SEARCH_PATHS = (
					"$(inherited)",
					"@executable_path/Frameworks",
				);
				MARKETING_VERSION = 1.0;
				OTHER_LDFLAGS = "";
				OTHER_SWIFT_FLAGS = "-DQA";
				PRODUCT_BUNDLE_IDENTIFIER = se.ideabits.AudioPreference.Flavor;
				PRODUCT_NAME = "$(TARGET_NAME)";
				SWIFT_EMIT_LOC_STRINGS = YES;
				SWIFT_VERSION = 5.0;
				TARGETED_DEVICE_FAMILY = "1,2";
			};
			name = Debug;
		};
		6B1D68072869AED60081F2FE /* Release */ = {
			isa = XCBuildConfiguration;
			baseConfigurationReference = 6EEA107980C6276CFCAD5EAC /* Pods-Flavor-QA.release.xcconfig */;
			buildSettings = {
				ASSETCATALOG_COMPILER_APPICON_NAME = AppIcon;
				ASSETCATALOG_COMPILER_GLOBAL_ACCENT_COLOR_NAME = AccentColor;
				CODE_SIGN_STYLE = Automatic;
				CURRENT_PROJECT_VERSION = 1;
				DEVELOPMENT_ASSET_PATHS = "\"Flavor/Preview Content\"";
				DEVELOPMENT_TEAM = P62CT273CB;
				ENABLE_PREVIEWS = YES;
				GENERATE_INFOPLIST_FILE = NO;
				INFOPLIST_FILE = "Info-qa.plist";
				INFOPLIST_KEY_UIApplicationSceneManifest_Generation = YES;
				INFOPLIST_KEY_UIApplicationSupportsIndirectInputEvents = YES;
				INFOPLIST_KEY_UILaunchScreen_Generation = YES;
				INFOPLIST_KEY_UISupportedInterfaceOrientations_iPad = "UIInterfaceOrientationPortrait UIInterfaceOrientationPortraitUpsideDown UIInterfaceOrientationLandscapeLeft UIInterfaceOrientationLandscapeRight";
				INFOPLIST_KEY_UISupportedInterfaceOrientations_iPhone = "UIInterfaceOrientationPortrait UIInterfaceOrientationLandscapeLeft UIInterfaceOrientationLandscapeRight";
				LD_RUNPATH_SEARCH_PATHS = (
					"$(inherited)",
					"@executable_path/Frameworks",
				);
				MARKETING_VERSION = 1.0;
				OTHER_LDFLAGS = "";
				OTHER_SWIFT_FLAGS = "-DQA";
				PRODUCT_BUNDLE_IDENTIFIER = se.ideabits.AudioPreference.Flavor;
				PRODUCT_NAME = "$(TARGET_NAME)";
				SWIFT_EMIT_LOC_STRINGS = YES;
				SWIFT_VERSION = 5.0;
				TARGETED_DEVICE_FAMILY = "1,2";
			};
			name = Release;
		};
/* End XCBuildConfiguration section */

/* Begin XCConfigurationList section */
		6B1D67C92869AC320081F2FE /* Build configuration list for PBXProject "Flavor" */ = {
			isa = XCConfigurationList;
			buildConfigurations = (
				6B1D67F02869AC330081F2FE /* Debug */,
				6B1D67F12869AC330081F2FE /* Release */,
			);
			defaultConfigurationIsVisible = 0;
			defaultConfigurationName = Release;
		};
		6B1D67F22869AC330081F2FE /* Build configuration list for PBXNativeTarget "Flavor-DEV" */ = {
			isa = XCConfigurationList;
			buildConfigurations = (
				6B1D67F32869AC330081F2FE /* Debug */,
				6B1D67F42869AC330081F2FE /* Release */,
			);
			defaultConfigurationIsVisible = 0;
			defaultConfigurationName = Release;
		};
		6B1D67F52869AC330081F2FE /* Build configuration list for PBXNativeTarget "FlavorTests" */ = {
			isa = XCConfigurationList;
			buildConfigurations = (
				6B1D67F62869AC330081F2FE /* Debug */,
				6B1D67F72869AC330081F2FE /* Release */,
			);
			defaultConfigurationIsVisible = 0;
			defaultConfigurationName = Release;
		};
		6B1D67F82869AC330081F2FE /* Build configuration list for PBXNativeTarget "FlavorUITests" */ = {
			isa = XCConfigurationList;
			buildConfigurations = (
				6B1D67F92869AC330081F2FE /* Debug */,
				6B1D67FA2869AC330081F2FE /* Release */,
			);
			defaultConfigurationIsVisible = 0;
			defaultConfigurationName = Release;
		};
		6B1D68052869AED60081F2FE /* Build configuration list for PBXNativeTarget "Flavor-QA" */ = {
			isa = XCConfigurationList;
			buildConfigurations = (
				6B1D68062869AED60081F2FE /* Debug */,
				6B1D68072869AED60081F2FE /* Release */,
			);
			defaultConfigurationIsVisible = 0;
			defaultConfigurationName = Release;
		};
/* End XCConfigurationList section */
	};
	rootObject = 6B1D67C62869AC320081F2FE /* Project object */;
}
